
Microsoft Visual Studio Solution File, Format Version 12.00
# Visual Studio Version 16
VisualStudioVersion = 16.0.33927.289
MinimumVisualStudioVersion = 10.0.40219.1
Project("{2150E333-8FDC-42A3-9474-1A3956D46DE8}") = "Task0", "Task0", "{93EA61FB-1D20-4F41-8DFB-AB8AFDB68C3A}"
EndProject
Project("{FAE04EC0-301F-11D3-BF4B-00C04F79EFBC}") = "Tyuiu.KoevaSJ.Sprint6.Task0.V26.Test", "Tyuiu.KoevaSJ.Sprint6.Task0.V26.Test\Tyuiu.KoevaSJ.Sprint6.Task0.V26.Test.csproj", "{58195331-7FF9-400A-A888-9E2B5721E724}"
EndProject
Project("{FAE04EC0-301F-11D3-BF4B-00C04F79EFBC}") = "Tyuiu.KoevaSJ.Sprint6.Task0.V26.Lib", "Tyuiu.KoevaSJ.Sprint6.Task0.V26.Lib\Tyuiu.KoevaSJ.Sprint6.Task0.V26.Lib.csproj", "{CBC1694E-A80B-466C-9562-216D5A2EEC56}"
EndProject
Project("{FAE04EC0-301F-11D3-BF4B-00C04F79EFBC}") = "Tyuiu.KoevaSJ.Sprint6.Task0.V26", "Tyuiu.KoevaSJ.Sprint6.Task0.V26\Tyuiu.KoevaSJ.Sprint6.Task0.V26.csproj", "{F31B2CAE-EC8D-4695-8BDF-E2881E0A04E5}"
EndProject
Project("{2150E333-8FDC-42A3-9474-1A3956D46DE8}") = "Task1", "Task1", "{2083DE7A-BE4F-439F-8503-42E31357044D}"
EndProject
Project("{FAE04EC0-301F-11D3-BF4B-00C04F79EFBC}") = "Tyuiu.KoevaSJ.Sprint6.Task1.V16.Lib", "Tyuiu.KoevaSJ.Sprint6.Task1.V16.Lib\Tyuiu.KoevaSJ.Sprint6.Task1.V16.Lib.csproj", "{FE3F89FD-0B47-483C-92D4-64AA96DA67BD}"
EndProject
Project("{FAE04EC0-301F-11D3-BF4B-00C04F79EFBC}") = "Tyuiu.KoevaSJ.Sprint6.Task1.V16.Test", "Tyuiu.KoevaSJ.Sprint6.Task1.V16.Test\Tyuiu.KoevaSJ.Sprint6.Task1.V16.Test.csproj", "{84757C96-64B3-49CB-AD2F-58BFA9F2FF04}"
EndProject
Project("{FAE04EC0-301F-11D3-BF4B-00C04F79EFBC}") = "Tyuiu.KoevaSJ.Sprint6.Task1.V16", "Tyuiu.KoevaSJ.Sprint6.Task1.V16\Tyuiu.KoevaSJ.Sprint6.Task1.V16.csproj", "{56061428-FC96-423A-B531-8CB7935F3A6B}"
EndProject
Project("{2150E333-8FDC-42A3-9474-1A3956D46DE8}") = "Task2", "Task2", "{1BA7E035-B1D9-4515-A9EE-33A886A0A2E7}"
EndProject
Project("{FAE04EC0-301F-11D3-BF4B-00C04F79EFBC}") = "Tyuiu.KoevaSJ.Sprint6.Task2.V17.Lib", "Tyuiu.KoevaSJ.Sprint6.Task2.V17.Lib\Tyuiu.KoevaSJ.Sprint6.Task2.V17.Lib.csproj", "{9DFA51B6-4B74-4CD7-B9D3-CD4F27932F0C}"
EndProject
Project("{FAE04EC0-301F-11D3-BF4B-00C04F79EFBC}") = "Tyuiu.KoevaSJ.Sprint6.Task2.V17.Test", "Tyuiu.KoevaSJ.Sprint6.Task2.V17.Test\Tyuiu.KoevaSJ.Sprint6.Task2.V17.Test.csproj", "{B6B3FAFD-4E1F-4428-82D5-64601AC13AD9}"
EndProject
Project("{FAE04EC0-301F-11D3-BF4B-00C04F79EFBC}") = "Tyuiu.KoevaSJ.Sprint6.Task2.V17", "Tyuiu.KoevaSJ.Sprint6.Task2.V17\Tyuiu.KoevaSJ.Sprint6.Task2.V17.csproj", "{E73702FB-D8D7-4559-9B8E-354095D1B50E}"
EndProject
Project("{2150E333-8FDC-42A3-9474-1A3956D46DE8}") = "Task3", "Task3", "{8BA24B7B-85E4-44C6-9E2E-C1779B86712D}"
EndProject
Project("{FAE04EC0-301F-11D3-BF4B-00C04F79EFBC}") = "Tyuiu.KoevaSJ.Sprint6.Task3.V11.Lib", "Tyuiu.KoevaSJ.Sprint6.Task3.V11.Lib\Tyuiu.KoevaSJ.Sprint6.Task3.V11.Lib.csproj", "{4E57D6F8-7AD6-49A7-964D-C46C4EC3A35D}"
EndProject
Project("{FAE04EC0-301F-11D3-BF4B-00C04F79EFBC}") = "Tyuiu.KoevaSJ.Sprint6.Task3.V11.Test", "Tyuiu.KoevaSJ.Sprint6.Task3.V11.Test\Tyuiu.KoevaSJ.Sprint6.Task3.V11.Test.csproj", "{424C387A-CAB7-43AB-B9F5-5E666BAB683E}"
EndProject
Project("{FAE04EC0-301F-11D3-BF4B-00C04F79EFBC}") = "Tyuiu.KoevaSJ.Sprint6.Task3.V11", "Tyuiu.KoevaSJ.Sprint6.Task3.V11\Tyuiu.KoevaSJ.Sprint6.Task3.V11.csproj", "{DD5958A3-D167-4108-B875-6AEFB6697BA3}"
EndProject
Project("{2150E333-8FDC-42A3-9474-1A3956D46DE8}") = "Task4", "Task4", "{247F2A4A-2BC9-4412-920E-72C8595A2E1F}"
EndProject
Project("{FAE04EC0-301F-11D3-BF4B-00C04F79EFBC}") = "Tyuiu.KoevaSJ.Sprint6.Task4.V12.Lib", "Tyuiu.KoevaSJ.Sprint6.Task4.V12.Lib\Tyuiu.KoevaSJ.Sprint6.Task4.V12.Lib.csproj", "{3FB064E6-7F30-4FE6-A9DC-A9633DD5FA8F}"
EndProject
Project("{FAE04EC0-301F-11D3-BF4B-00C04F79EFBC}") = "Tyuiu.KoevaSJ.Sprint6.Task4.V12.Test", "Tyuiu.KoevaSJ.Sprint6.Task4.V12.Test\Tyuiu.KoevaSJ.Sprint6.Task4.V12.Test.csproj", "{FD42C72A-9025-4A47-8E68-39999139AC15}"
EndProject
Project("{FAE04EC0-301F-11D3-BF4B-00C04F79EFBC}") = "Tyuiu.KoevaSJ.Sprint6.Task4.V12", "Tyuiu.KoevaSJ.Sprint6.Task4.V12\Tyuiu.KoevaSJ.Sprint6.Task4.V12.csproj", "{DA1A5082-8A74-4640-AEA2-8D26FBB03373}"
EndProject
Project("{2150E333-8FDC-42A3-9474-1A3956D46DE8}") = "Task5", "Task5", "{41CB8AB2-B027-4610-BEE8-D0DAEB7EFCD8}"
EndProject
Project("{FAE04EC0-301F-11D3-BF4B-00C04F79EFBC}") = "Tyuiu.KoevaSJ.Sprint6.Task5.V10.Lib", "Tyuiu.KoevaSJ.Sprint6.Task5.V10.Lib\Tyuiu.KoevaSJ.Sprint6.Task5.V10.Lib.csproj", "{4B0ACED3-61BE-44F9-B9FA-91CF93B051D0}"
EndProject
Project("{FAE04EC0-301F-11D3-BF4B-00C04F79EFBC}") = "Tyuiu.KoevaSJ.Sprint6.Task5.V10.Test", "Tyuiu.KoevaSJ.Sprint6.Task5.V10.Test\Tyuiu.KoevaSJ.Sprint6.Task5.V10.Test.csproj", "{5515A3CF-EE78-490F-823B-EAE6FA1AA30C}"
EndProject
Project("{FAE04EC0-301F-11D3-BF4B-00C04F79EFBC}") = "Tyuiu.KoevaSJ.Sprint6.Task5.V10", "Tyuiu.KoevaSJ.Sprint6.Task5.V10\Tyuiu.KoevaSJ.Sprint6.Task5.V10.csproj", "{85C896E1-6460-452A-8B88-20CF3B225261}"
EndProject
Project("{2150E333-8FDC-42A3-9474-1A3956D46DE8}") = "Task6", "Task6", "{E03EA7FC-9DB0-4569-9A53-10228EDEB7D6}"
EndProject
Project("{FAE04EC0-301F-11D3-BF4B-00C04F79EFBC}") = "Tyuiu.KoevaSJ.Sprint6.Task6.V15.Lib", "Tyuiu.KoevaSJ.Sprint6.Task6.V15.Lib\Tyuiu.KoevaSJ.Sprint6.Task6.V15.Lib.csproj", "{C196BBCD-5BD1-4C72-8C48-F5CF33CB7F97}"
EndProject
Project("{FAE04EC0-301F-11D3-BF4B-00C04F79EFBC}") = "Tyuiu.KoevaSJ.Sprint6.Task6.V15.Test", "Tyuiu.KoevaSJ.Sprint6.Task6.V15.Test\Tyuiu.KoevaSJ.Sprint6.Task6.V15.Test.csproj", "{5A3A62B7-C6EE-4656-88FA-B0692788D6A1}"
EndProject
Project("{FAE04EC0-301F-11D3-BF4B-00C04F79EFBC}") = "Tyuiu.KoevaSJ.Sprint6.Task6.V15", "Tyuiu.KoevaSJ.Sprint6.Task6.V15\Tyuiu.KoevaSJ.Sprint6.Task6.V15.csproj", "{3F2385E5-BB22-4EE3-9E65-712B1F455DAF}"
EndProject
Project("{2150E333-8FDC-42A3-9474-1A3956D46DE8}") = "Task7", "Task7", "{99EDEA76-3119-48F9-84E1-8A64406CC2D7}"
EndProject
Project("{FAE04EC0-301F-11D3-BF4B-00C04F79EFBC}") = "Tyuiu.KoevaSJ.Sprint6.Task7.V24.Lib", "Tyuiu.KoevaSJ.Sprint6.Task7.V24.Lib\Tyuiu.KoevaSJ.Sprint6.Task7.V24.Lib.csproj", "{D04E1329-9ECE-4305-B25D-9F4708DDBB74}"
EndProject
Project("{FAE04EC0-301F-11D3-BF4B-00C04F79EFBC}") = "Tyuiu.KoevaSJ.Sprint6.Task7.V24.Test", "Tyuiu.KoevaSJ.Sprint6.Task7.V24.Test\Tyuiu.KoevaSJ.Sprint6.Task7.V24.Test.csproj", "{4CC302A9-DE36-43F0-A9EF-7540EA0659B0}"
EndProject
Project("{FAE04EC0-301F-11D3-BF4B-00C04F79EFBC}") = "Tyuiu.KoevaSJ.Sprint6.Task7.V24", "Tyuiu.KoevaSJ.Sprint6.Task7.V24\Tyuiu.KoevaSJ.Sprint6.Task7.V24.csproj", "{EC26EB38-C2FC-4158-8A8C-5971865B95F0}"
EndProject
Global
	GlobalSection(SolutionConfigurationPlatforms) = preSolution
		Debug|Any CPU = Debug|Any CPU
		Release|Any CPU = Release|Any CPU
	EndGlobalSection
	GlobalSection(ProjectConfigurationPlatforms) = postSolution
		{58195331-7FF9-400A-A888-9E2B5721E724}.Debug|Any CPU.ActiveCfg = Debug|Any CPU
		{58195331-7FF9-400A-A888-9E2B5721E724}.Debug|Any CPU.Build.0 = Debug|Any CPU
		{58195331-7FF9-400A-A888-9E2B5721E724}.Release|Any CPU.ActiveCfg = Release|Any CPU
		{58195331-7FF9-400A-A888-9E2B5721E724}.Release|Any CPU.Build.0 = Release|Any CPU
		{CBC1694E-A80B-466C-9562-216D5A2EEC56}.Debug|Any CPU.ActiveCfg = Debug|Any CPU
		{CBC1694E-A80B-466C-9562-216D5A2EEC56}.Debug|Any CPU.Build.0 = Debug|Any CPU
		{CBC1694E-A80B-466C-9562-216D5A2EEC56}.Release|Any CPU.ActiveCfg = Release|Any CPU
		{CBC1694E-A80B-466C-9562-216D5A2EEC56}.Release|Any CPU.Build.0 = Release|Any CPU
		{F31B2CAE-EC8D-4695-8BDF-E2881E0A04E5}.Debug|Any CPU.ActiveCfg = Debug|Any CPU
		{F31B2CAE-EC8D-4695-8BDF-E2881E0A04E5}.Debug|Any CPU.Build.0 = Debug|Any CPU
		{F31B2CAE-EC8D-4695-8BDF-E2881E0A04E5}.Release|Any CPU.ActiveCfg = Release|Any CPU
		{F31B2CAE-EC8D-4695-8BDF-E2881E0A04E5}.Release|Any CPU.Build.0 = Release|Any CPU
		{FE3F89FD-0B47-483C-92D4-64AA96DA67BD}.Debug|Any CPU.ActiveCfg = Debug|Any CPU
		{FE3F89FD-0B47-483C-92D4-64AA96DA67BD}.Debug|Any CPU.Build.0 = Debug|Any CPU
		{FE3F89FD-0B47-483C-92D4-64AA96DA67BD}.Release|Any CPU.ActiveCfg = Release|Any CPU
		{FE3F89FD-0B47-483C-92D4-64AA96DA67BD}.Release|Any CPU.Build.0 = Release|Any CPU
		{84757C96-64B3-49CB-AD2F-58BFA9F2FF04}.Debug|Any CPU.ActiveCfg = Debug|Any CPU
		{84757C96-64B3-49CB-AD2F-58BFA9F2FF04}.Debug|Any CPU.Build.0 = Debug|Any CPU
		{84757C96-64B3-49CB-AD2F-58BFA9F2FF04}.Release|Any CPU.ActiveCfg = Release|Any CPU
		{84757C96-64B3-49CB-AD2F-58BFA9F2FF04}.Release|Any CPU.Build.0 = Release|Any CPU
		{56061428-FC96-423A-B531-8CB7935F3A6B}.Debug|Any CPU.ActiveCfg = Debug|Any CPU
		{56061428-FC96-423A-B531-8CB7935F3A6B}.Debug|Any CPU.Build.0 = Debug|Any CPU
		{56061428-FC96-423A-B531-8CB7935F3A6B}.Release|Any CPU.ActiveCfg = Release|Any CPU
		{56061428-FC96-423A-B531-8CB7935F3A6B}.Release|Any CPU.Build.0 = Release|Any CPU
		{9DFA51B6-4B74-4CD7-B9D3-CD4F27932F0C}.Debug|Any CPU.ActiveCfg = Debug|Any CPU
		{9DFA51B6-4B74-4CD7-B9D3-CD4F27932F0C}.Debug|Any CPU.Build.0 = Debug|Any CPU
		{9DFA51B6-4B74-4CD7-B9D3-CD4F27932F0C}.Release|Any CPU.ActiveCfg = Release|Any CPU
		{9DFA51B6-4B74-4CD7-B9D3-CD4F27932F0C}.Release|Any CPU.Build.0 = Release|Any CPU
		{B6B3FAFD-4E1F-4428-82D5-64601AC13AD9}.Debug|Any CPU.ActiveCfg = Debug|Any CPU
		{B6B3FAFD-4E1F-4428-82D5-64601AC13AD9}.Debug|Any CPU.Build.0 = Debug|Any CPU
		{B6B3FAFD-4E1F-4428-82D5-64601AC13AD9}.Release|Any CPU.ActiveCfg = Release|Any CPU
		{B6B3FAFD-4E1F-4428-82D5-64601AC13AD9}.Release|Any CPU.Build.0 = Release|Any CPU
		{E73702FB-D8D7-4559-9B8E-354095D1B50E}.Debug|Any CPU.ActiveCfg = Debug|Any CPU
		{E73702FB-D8D7-4559-9B8E-354095D1B50E}.Debug|Any CPU.Build.0 = Debug|Any CPU
		{E73702FB-D8D7-4559-9B8E-354095D1B50E}.Release|Any CPU.ActiveCfg = Release|Any CPU
		{E73702FB-D8D7-4559-9B8E-354095D1B50E}.Release|Any CPU.Build.0 = Release|Any CPU
		{4E57D6F8-7AD6-49A7-964D-C46C4EC3A35D}.Debug|Any CPU.ActiveCfg = Debug|Any CPU
		{4E57D6F8-7AD6-49A7-964D-C46C4EC3A35D}.Debug|Any CPU.Build.0 = Debug|Any CPU
		{4E57D6F8-7AD6-49A7-964D-C46C4EC3A35D}.Release|Any CPU.ActiveCfg = Release|Any CPU
		{4E57D6F8-7AD6-49A7-964D-C46C4EC3A35D}.Release|Any CPU.Build.0 = Release|Any CPU
		{424C387A-CAB7-43AB-B9F5-5E666BAB683E}.Debug|Any CPU.ActiveCfg = Debug|Any CPU
		{424C387A-CAB7-43AB-B9F5-5E666BAB683E}.Debug|Any CPU.Build.0 = Debug|Any CPU
		{424C387A-CAB7-43AB-B9F5-5E666BAB683E}.Release|Any CPU.ActiveCfg = Release|Any CPU
		{424C387A-CAB7-43AB-B9F5-5E666BAB683E}.Release|Any CPU.Build.0 = Release|Any CPU
		{DD5958A3-D167-4108-B875-6AEFB6697BA3}.Debug|Any CPU.ActiveCfg = Debug|Any CPU
		{DD5958A3-D167-4108-B875-6AEFB6697BA3}.Debug|Any CPU.Build.0 = Debug|Any CPU
		{DD5958A3-D167-4108-B875-6AEFB6697BA3}.Release|Any CPU.ActiveCfg = Release|Any CPU
		{DD5958A3-D167-4108-B875-6AEFB6697BA3}.Release|Any CPU.Build.0 = Release|Any CPU
		{3FB064E6-7F30-4FE6-A9DC-A9633DD5FA8F}.Debug|Any CPU.ActiveCfg = Debug|Any CPU
		{3FB064E6-7F30-4FE6-A9DC-A9633DD5FA8F}.Debug|Any CPU.Build.0 = Debug|Any CPU
		{3FB064E6-7F30-4FE6-A9DC-A9633DD5FA8F}.Release|Any CPU.ActiveCfg = Release|Any CPU
		{3FB064E6-7F30-4FE6-A9DC-A9633DD5FA8F}.Release|Any CPU.Build.0 = Release|Any CPU
		{FD42C72A-9025-4A47-8E68-39999139AC15}.Debug|Any CPU.ActiveCfg = Debug|Any CPU
		{FD42C72A-9025-4A47-8E68-39999139AC15}.Debug|Any CPU.Build.0 = Debug|Any CPU
		{FD42C72A-9025-4A47-8E68-39999139AC15}.Release|Any CPU.ActiveCfg = Release|Any CPU
		{FD42C72A-9025-4A47-8E68-39999139AC15}.Release|Any CPU.Build.0 = Release|Any CPU
		{DA1A5082-8A74-4640-AEA2-8D26FBB03373}.Debug|Any CPU.ActiveCfg = Debug|Any CPU
		{DA1A5082-8A74-4640-AEA2-8D26FBB03373}.Debug|Any CPU.Build.0 = Debug|Any CPU
		{DA1A5082-8A74-4640-AEA2-8D26FBB03373}.Release|Any CPU.ActiveCfg = Release|Any CPU
		{DA1A5082-8A74-4640-AEA2-8D26FBB03373}.Release|Any CPU.Build.0 = Release|Any CPU
		{4B0ACED3-61BE-44F9-B9FA-91CF93B051D0}.Debug|Any CPU.ActiveCfg = Debug|Any CPU
		{4B0ACED3-61BE-44F9-B9FA-91CF93B051D0}.Debug|Any CPU.Build.0 = Debug|Any CPU
		{4B0ACED3-61BE-44F9-B9FA-91CF93B051D0}.Release|Any CPU.ActiveCfg = Release|Any CPU
		{4B0ACED3-61BE-44F9-B9FA-91CF93B051D0}.Release|Any CPU.Build.0 = Release|Any CPU
		{5515A3CF-EE78-490F-823B-EAE6FA1AA30C}.Debug|Any CPU.ActiveCfg = Debug|Any CPU
		{5515A3CF-EE78-490F-823B-EAE6FA1AA30C}.Debug|Any CPU.Build.0 = Debug|Any CPU
		{5515A3CF-EE78-490F-823B-EAE6FA1AA30C}.Release|Any CPU.ActiveCfg = Release|Any CPU
		{5515A3CF-EE78-490F-823B-EAE6FA1AA30C}.Release|Any CPU.Build.0 = Release|Any CPU
		{85C896E1-6460-452A-8B88-20CF3B225261}.Debug|Any CPU.ActiveCfg = Debug|Any CPU
		{85C896E1-6460-452A-8B88-20CF3B225261}.Debug|Any CPU.Build.0 = Debug|Any CPU
		{85C896E1-6460-452A-8B88-20CF3B225261}.Release|Any CPU.ActiveCfg = Release|Any CPU
		{85C896E1-6460-452A-8B88-20CF3B225261}.Release|Any CPU.Build.0 = Release|Any CPU
		{C196BBCD-5BD1-4C72-8C48-F5CF33CB7F97}.Debug|Any CPU.ActiveCfg = Debug|Any CPU
		{C196BBCD-5BD1-4C72-8C48-F5CF33CB7F97}.Debug|Any CPU.Build.0 = Debug|Any CPU
		{C196BBCD-5BD1-4C72-8C48-F5CF33CB7F97}.Release|Any CPU.ActiveCfg = Release|Any CPU
		{C196BBCD-5BD1-4C72-8C48-F5CF33CB7F97}.Release|Any CPU.Build.0 = Release|Any CPU
		{5A3A62B7-C6EE-4656-88FA-B0692788D6A1}.Debug|Any CPU.ActiveCfg = Debug|Any CPU
		{5A3A62B7-C6EE-4656-88FA-B0692788D6A1}.Debug|Any CPU.Build.0 = Debug|Any CPU
		{5A3A62B7-C6EE-4656-88FA-B0692788D6A1}.Release|Any CPU.ActiveCfg = Release|Any CPU
		{5A3A62B7-C6EE-4656-88FA-B0692788D6A1}.Release|Any CPU.Build.0 = Release|Any CPU
		{3F2385E5-BB22-4EE3-9E65-712B1F455DAF}.Debug|Any CPU.ActiveCfg = Debug|Any CPU
		{3F2385E5-BB22-4EE3-9E65-712B1F455DAF}.Debug|Any CPU.Build.0 = Debug|Any CPU
		{3F2385E5-BB22-4EE3-9E65-712B1F455DAF}.Release|Any CPU.ActiveCfg = Release|Any CPU
		{3F2385E5-BB22-4EE3-9E65-712B1F455DAF}.Release|Any CPU.Build.0 = Release|Any CPU
		{D04E1329-9ECE-4305-B25D-9F4708DDBB74}.Debug|Any CPU.ActiveCfg = Debug|Any CPU
		{D04E1329-9ECE-4305-B25D-9F4708DDBB74}.Debug|Any CPU.Build.0 = Debug|Any CPU
		{D04E1329-9ECE-4305-B25D-9F4708DDBB74}.Release|Any CPU.ActiveCfg = Release|Any CPU
		{D04E1329-9ECE-4305-B25D-9F4708DDBB74}.Release|Any CPU.Build.0 = Release|Any CPU
		{4CC302A9-DE36-43F0-A9EF-7540EA0659B0}.Debug|Any CPU.ActiveCfg = Debug|Any CPU
		{4CC302A9-DE36-43F0-A9EF-7540EA0659B0}.Debug|Any CPU.Build.0 = Debug|Any CPU
		{4CC302A9-DE36-43F0-A9EF-7540EA0659B0}.Release|Any CPU.ActiveCfg = Release|Any CPU
		{4CC302A9-DE36-43F0-A9EF-7540EA0659B0}.Release|Any CPU.Build.0 = Release|Any CPU
		{EC26EB38-C2FC-4158-8A8C-5971865B95F0}.Debug|Any CPU.ActiveCfg = Debug|Any CPU
		{EC26EB38-C2FC-4158-8A8C-5971865B95F0}.Debug|Any CPU.Build.0 = Debug|Any CPU
		{EC26EB38-C2FC-4158-8A8C-5971865B95F0}.Release|Any CPU.ActiveCfg = Release|Any CPU
		{EC26EB38-C2FC-4158-8A8C-5971865B95F0}.Release|Any CPU.Build.0 = Release|Any CPU
	EndGlobalSection
	GlobalSection(SolutionProperties) = preSolution
		HideSolutionNode = FALSE
	EndGlobalSection
	GlobalSection(NestedProjects) = preSolution
		{58195331-7FF9-400A-A888-9E2B5721E724} = {93EA61FB-1D20-4F41-8DFB-AB8AFDB68C3A}
		{CBC1694E-A80B-466C-9562-216D5A2EEC56} = {93EA61FB-1D20-4F41-8DFB-AB8AFDB68C3A}
		{F31B2CAE-EC8D-4695-8BDF-E2881E0A04E5} = {93EA61FB-1D20-4F41-8DFB-AB8AFDB68C3A}
		{FE3F89FD-0B47-483C-92D4-64AA96DA67BD} = {2083DE7A-BE4F-439F-8503-42E31357044D}
		{84757C96-64B3-49CB-AD2F-58BFA9F2FF04} = {2083DE7A-BE4F-439F-8503-42E31357044D}
		{56061428-FC96-423A-B531-8CB7935F3A6B} = {2083DE7A-BE4F-439F-8503-42E31357044D}
		{9DFA51B6-4B74-4CD7-B9D3-CD4F27932F0C} = {1BA7E035-B1D9-4515-A9EE-33A886A0A2E7}
		{B6B3FAFD-4E1F-4428-82D5-64601AC13AD9} = {1BA7E035-B1D9-4515-A9EE-33A886A0A2E7}
		{E73702FB-D8D7-4559-9B8E-354095D1B50E} = {1BA7E035-B1D9-4515-A9EE-33A886A0A2E7}
		{4E57D6F8-7AD6-49A7-964D-C46C4EC3A35D} = {8BA24B7B-85E4-44C6-9E2E-C1779B86712D}
		{424C387A-CAB7-43AB-B9F5-5E666BAB683E} = {8BA24B7B-85E4-44C6-9E2E-C1779B86712D}
		{DD5958A3-D167-4108-B875-6AEFB6697BA3} = {8BA24B7B-85E4-44C6-9E2E-C1779B86712D}
		{3FB064E6-7F30-4FE6-A9DC-A9633DD5FA8F} = {247F2A4A-2BC9-4412-920E-72C8595A2E1F}
		{FD42C72A-9025-4A47-8E68-39999139AC15} = {247F2A4A-2BC9-4412-920E-72C8595A2E1F}
		{DA1A5082-8A74-4640-AEA2-8D26FBB03373} = {247F2A4A-2BC9-4412-920E-72C8595A2E1F}
		{4B0ACED3-61BE-44F9-B9FA-91CF93B051D0} = {41CB8AB2-B027-4610-BEE8-D0DAEB7EFCD8}
		{5515A3CF-EE78-490F-823B-EAE6FA1AA30C} = {41CB8AB2-B027-4610-BEE8-D0DAEB7EFCD8}
		{85C896E1-6460-452A-8B88-20CF3B225261} = {41CB8AB2-B027-4610-BEE8-D0DAEB7EFCD8}
		{C196BBCD-5BD1-4C72-8C48-F5CF33CB7F97} = {E03EA7FC-9DB0-4569-9A53-10228EDEB7D6}
		{5A3A62B7-C6EE-4656-88FA-B0692788D6A1} = {E03EA7FC-9DB0-4569-9A53-10228EDEB7D6}
		{3F2385E5-BB22-4EE3-9E65-712B1F455DAF} = {E03EA7FC-9DB0-4569-9A53-10228EDEB7D6}
		{D04E1329-9ECE-4305-B25D-9F4708DDBB74} = {99EDEA76-3119-48F9-84E1-8A64406CC2D7}
		{4CC302A9-DE36-43F0-A9EF-7540EA0659B0} = {99EDEA76-3119-48F9-84E1-8A64406CC2D7}
		{EC26EB38-C2FC-4158-8A8C-5971865B95F0} = {99EDEA76-3119-48F9-84E1-8A64406CC2D7}
	EndGlobalSection
	GlobalSection(ExtensibilityGlobals) = postSolution
		SolutionGuid = {F8C9BA27-CEA2-46CC-BAF3-05EC0EFD7C60}
	EndGlobalSection
EndGlobal
